
Microsoft Visual Studio Solution File, Format Version 12.00
# Visual Studio Version 16
VisualStudioVersion = 16.0.29806.167
MinimumVisualStudioVersion = 10.0.40219.1
Project("{FAE04EC0-301F-11D3-BF4B-00C04F79EFBC}") = "ConsoleApp1", "ConsoleApp1\ConsoleApp1.csproj", "{D525AC43-D378-4784-B9C7-F2DA47C0A2F8}"
EndProject
Global
	GlobalSection(SolutionConfigurationPlatforms) = preSolution
		Debug|Any CPU = Debug|Any CPU
		Release|Any CPU = Release|Any CPU
	EndGlobalSection
	GlobalSection(ProjectConfigurationPlatforms) = postSolution
		{D525AC43-D378-4784-B9C7-F2DA47C0A2F8}.Debug|Any CPU.ActiveCfg = Debug|Any CPU
		{D525AC43-D378-4784-B9C7-F2DA47C0A2F8}.Debug|Any CPU.Build.0 = Debug|Any CPU
		{D525AC43-D378-4784-B9C7-F2DA47C0A2F8}.Release|Any CPU.ActiveCfg = Release|Any CPU
		{D525AC43-D378-4784-B9C7-F2DA47C0A2F8}.Release|Any CPU.Build.0 = Release|Any CPU
	EndGlobalSection
	GlobalSection(SolutionProperties) = preSolution
		HideSolutionNode = FALSE
	EndGlobalSection
	GlobalSection(ExtensibilityGlobals) = postSolution
		SolutionGuid = {C33CC82D-A547-49AC-B8A7-64A90B5B409E}
	EndGlobalSection
EndGlobal
